
Microsoft Visual Studio Solution File, Format Version 12.00
# Visual Studio 14
VisualStudioVersion = 14.0.24720.0
MinimumVisualStudioVersion = 10.0.40219.1
Project("{FAE04EC0-301F-11D3-BF4B-00C04F79EFBC}") = "GigHub", "GigHub\GigHub.csproj", "{6CA25342-46C2-4CE6-B32D-35546D211400}"
EndProject
Project("{FAE04EC0-301F-11D3-BF4B-00C04F79EFBC}") = "GigHub.Tests", "GigHub.Tests\GigHub.Tests.csproj", "{0E2C68E8-3250-434C-B85B-D7E36B1DFFB6}"
EndProject
Global
	GlobalSection(SolutionConfigurationPlatforms) = preSolution
		Debug|Any CPU = Debug|Any CPU
		Release|Any CPU = Release|Any CPU
	EndGlobalSection
	GlobalSection(ProjectConfigurationPlatforms) = postSolution
		{6CA25342-46C2-4CE6-B32D-35546D211400}.Debug|Any CPU.ActiveCfg = Debug|Any CPU
		{6CA25342-46C2-4CE6-B32D-35546D211400}.Debug|Any CPU.Build.0 = Debug|Any CPU
		{6CA25342-46C2-4CE6-B32D-35546D211400}.Release|Any CPU.ActiveCfg = Release|Any CPU
		{6CA25342-46C2-4CE6-B32D-35546D211400}.Release|Any CPU.Build.0 = Release|Any CPU
		{0E2C68E8-3250-434C-B85B-D7E36B1DFFB6}.Debug|Any CPU.ActiveCfg = Debug|Any CPU
		{0E2C68E8-3250-434C-B85B-D7E36B1DFFB6}.Debug|Any CPU.Build.0 = Debug|Any CPU
		{0E2C68E8-3250-434C-B85B-D7E36B1DFFB6}.Release|Any CPU.ActiveCfg = Release|Any CPU
		{0E2C68E8-3250-434C-B85B-D7E36B1DFFB6}.Release|Any CPU.Build.0 = Release|Any CPU
	EndGlobalSection
	GlobalSection(SolutionProperties) = preSolution
		HideSolutionNode = FALSE
	EndGlobalSection
EndGlobal
